
Microsoft Visual Studio Solution File, Format Version 12.00
# Visual Studio Version 17
VisualStudioVersion = 17.14.36414.22 d17.14
MinimumVisualStudioVersion = 10.0.40219.1
Project("{FAE04EC0-301F-11D3-BF4B-00C04F79EFBC}") = "E-Commerce End-to-End Automation Framework", "E-Commerce End-to-End Automation Framework\E-Commerce End-to-End Automation Framework.csproj", "{C613CFE6-5477-4216-8EDD-63DD320C6650}"
EndProject
Global
	GlobalSection(SolutionConfigurationPlatforms) = preSolution
		Debug|Any CPU = Debug|Any CPU
		Release|Any CPU = Release|Any CPU
	EndGlobalSection
	GlobalSection(ProjectConfigurationPlatforms) = postSolution
		{C613CFE6-5477-4216-8EDD-63DD320C6650}.Debug|Any CPU.ActiveCfg = Debug|Any CPU
		{C613CFE6-5477-4216-8EDD-63DD320C6650}.Debug|Any CPU.Build.0 = Debug|Any CPU
		{C613CFE6-5477-4216-8EDD-63DD320C6650}.Release|Any CPU.ActiveCfg = Release|Any CPU
		{C613CFE6-5477-4216-8EDD-63DD320C6650}.Release|Any CPU.Build.0 = Release|Any CPU
	EndGlobalSection
	GlobalSection(SolutionProperties) = preSolution
		HideSolutionNode = FALSE
	EndGlobalSection
	GlobalSection(ExtensibilityGlobals) = postSolution
		SolutionGuid = {02002A96-9285-4CD8-88B3-21C0E818D7AE}
	EndGlobalSection
EndGlobal
